// !$*UTF8*$!
{
	archiveVersion = 1;
	classes = {
	};
	objectVersion = 46;
	objects = {

/* Begin PBXBuildFile section */
		569EDFAE1A4A576F00D36FCA /* MetaObject.m in Sources */ = {isa = PBXBuildFile; fileRef = 569EDFA91A4A576F00D36FCA /* MetaObject.m */; };
		569EDFAF1A4A576F00D36FCA /* MyProxy.m in Sources */ = {isa = PBXBuildFile; fileRef = 569EDFAB1A4A576F00D36FCA /* MyProxy.m */; };
		569EDFB01A4A576F00D36FCA /* RealSubject.m in Sources */ = {isa = PBXBuildFile; fileRef = 569EDFAD1A4A576F00D36FCA /* RealSubject.m */; };
		56C674ED1A071DBF004D5586 /* main.m in Sources */ = {isa = PBXBuildFile; fileRef = 56C674EC1A071DBF004D5586 /* main.m */; };
		56C674F81A071DBF004D5586 /* Images.xcassets in Resources */ = {isa = PBXBuildFile; fileRef = 56C674F71A071DBF004D5586 /* Images.xcassets */; };
		56C674FB1A071DBF004D5586 /* LaunchScreen.xib in Resources */ = {isa = PBXBuildFile; fileRef = 56C674F91A071DBF004D5586 /* LaunchScreen.xib */; };
		56C675071A071DBF004D5586 /* RuntimeTests.m in Sources */ = {isa = PBXBuildFile; fileRef = 56C675061A071DBF004D5586 /* RuntimeTests.m */; };
		56C675121A071DE3004D5586 /* RuntimeClass.m in Sources */ = {isa = PBXBuildFile; fileRef = 56C675111A071DE3004D5586 /* RuntimeClass.m */; };
		56C6751B1A076D34004D5586 /* NSArray+Swizzle.m in Sources */ = {isa = PBXBuildFile; fileRef = 56C6751A1A076D34004D5586 /* NSArray+Swizzle.m */; };
		56C675211A0775AF004D5586 /* @Selector_Nil.m in Sources */ = {isa = PBXBuildFile; fileRef = 56C675201A0775AF004D5586 /* @Selector_Nil.m */; };
		56C675271A077CE7004D5586 /* ForwardingClassOne.m in Sources */ = {isa = PBXBuildFile; fileRef = 56C675261A077CE7004D5586 /* ForwardingClassOne.m */; };
		56C6752A1A077CF5004D5586 /* ForwardingClassTwo.m in Sources */ = {isa = PBXBuildFile; fileRef = 56C675291A077CF5004D5586 /* ForwardingClassTwo.m */; };
		56C6752D1A08857E004D5586 /* DefineClassWithoutBaseClass.m in Sources */ = {isa = PBXBuildFile; fileRef = 56C6752C1A08857E004D5586 /* DefineClassWithoutBaseClass.m */; };
		56DFA5671A41BFF20037C2D2 /* Insideinitialize.m in Sources */ = {isa = PBXBuildFile; fileRef = 56DFA5661A41BFF20037C2D2 /* Insideinitialize.m */; settings = {COMPILER_FLAGS = "-fno-objc-arc"; }; };
		56DFA56A1A41C3100037C2D2 /* MainClass.m in Sources */ = {isa = PBXBuildFile; fileRef = 56DFA5691A41C3100037C2D2 /* MainClass.m */; };
		56DFA56D1A41C80D0037C2D2 /* ORM.m in Sources */ = {isa = PBXBuildFile; fileRef = 56DFA56C1A41C80D0037C2D2 /* ORM.m */; settings = {COMPILER_FLAGS = "-fno-objc-arc"; }; };
		56DFA5701A41C8EC0037C2D2 /* UserContact.m in Sources */ = {isa = PBXBuildFile; fileRef = 56DFA56F1A41C8EC0037C2D2 /* UserContact.m */; };
/* End PBXBuildFile section */

/* Begin PBXContainerItemProxy section */
		56C675011A071DBF004D5586 /* PBXContainerItemProxy */ = {
			isa = PBXContainerItemProxy;
			containerPortal = 56C674DF1A071DBF004D5586 /* Project object */;
			proxyType = 1;
			remoteGlobalIDString = 56C674E61A071DBF004D5586;
			remoteInfo = Runtime;
		};
/* End PBXContainerItemProxy section */

/* Begin PBXFileReference section */
		569EDFA81A4A576F00D36FCA /* MetaObject.h */ = {isa = PBXFileReference; fileEncoding = 4; lastKnownFileType = sourcecode.c.h; path = MetaObject.h; sourceTree = "<group>"; };
		569EDFA91A4A576F00D36FCA /* MetaObject.m */ = {isa = PBXFileReference; fileEncoding = 4; lastKnownFileType = sourcecode.c.objc; path = MetaObject.m; sourceTree = "<group>"; };
		569EDFAA1A4A576F00D36FCA /* MyProxy.h */ = {isa = PBXFileReference; fileEncoding = 4; lastKnownFileType = sourcecode.c.h; path = MyProxy.h; sourceTree = "<group>"; };
		569EDFAB1A4A576F00D36FCA /* MyProxy.m */ = {isa = PBXFileReference; fileEncoding = 4; lastKnownFileType = sourcecode.c.objc; path = MyProxy.m; sourceTree = "<group>"; };
		569EDFAC1A4A576F00D36FCA /* RealSubject.h */ = {isa = PBXFileReference; fileEncoding = 4; lastKnownFileType = sourcecode.c.h; path = RealSubject.h; sourceTree = "<group>"; };
		569EDFAD1A4A576F00D36FCA /* RealSubject.m */ = {isa = PBXFileReference; fileEncoding = 4; lastKnownFileType = sourcecode.c.objc; path = RealSubject.m; sourceTree = "<group>"; };
		569EDFB11A4A57D900D36FCA /* metamacros.h */ = {isa = PBXFileReference; fileEncoding = 4; lastKnownFileType = sourcecode.c.h; path = metamacros.h; sourceTree = "<group>"; };
		56C674E71A071DBF004D5586 /* Runtime.app */ = {isa = PBXFileReference; explicitFileType = wrapper.application; includeInIndex = 0; path = Runtime.app; sourceTree = BUILT_PRODUCTS_DIR; };
		56C674EB1A071DBF004D5586 /* Info.plist */ = {isa = PBXFileReference; lastKnownFileType = text.plist.xml; path = Info.plist; sourceTree = "<group>"; };
		56C674EC1A071DBF004D5586 /* main.m */ = {isa = PBXFileReference; lastKnownFileType = sourcecode.c.objc; path = main.m; sourceTree = "<group>"; };
		56C674F71A071DBF004D5586 /* Images.xcassets */ = {isa = PBXFileReference; lastKnownFileType = folder.assetcatalog; path = Images.xcassets; sourceTree = "<group>"; };
		56C674FA1A071DBF004D5586 /* Base */ = {isa = PBXFileReference; lastKnownFileType = file.xib; name = Base; path = Base.lproj/LaunchScreen.xib; sourceTree = "<group>"; };
		56C675001A071DBF004D5586 /* RuntimeTests.xctest */ = {isa = PBXFileReference; explicitFileType = wrapper.cfbundle; includeInIndex = 0; path = RuntimeTests.xctest; sourceTree = BUILT_PRODUCTS_DIR; };
		56C675051A071DBF004D5586 /* Info.plist */ = {isa = PBXFileReference; lastKnownFileType = text.plist.xml; path = Info.plist; sourceTree = "<group>"; };
		56C675061A071DBF004D5586 /* RuntimeTests.m */ = {isa = PBXFileReference; lastKnownFileType = sourcecode.c.objc; path = RuntimeTests.m; sourceTree = "<group>"; };
		56C675101A071DE3004D5586 /* RuntimeClass.h */ = {isa = PBXFileReference; fileEncoding = 4; lastKnownFileType = sourcecode.c.h; path = RuntimeClass.h; sourceTree = "<group>"; };
		56C675111A071DE3004D5586 /* RuntimeClass.m */ = {isa = PBXFileReference; fileEncoding = 4; lastKnownFileType = sourcecode.c.objc; path = RuntimeClass.m; sourceTree = "<group>"; };
		56C675191A076D34004D5586 /* NSArray+Swizzle.h */ = {isa = PBXFileReference; fileEncoding = 4; lastKnownFileType = sourcecode.c.h; path = "NSArray+Swizzle.h"; sourceTree = "<group>"; };
		56C6751A1A076D34004D5586 /* NSArray+Swizzle.m */ = {isa = PBXFileReference; fileEncoding = 4; lastKnownFileType = sourcecode.c.objc; path = "NSArray+Swizzle.m"; sourceTree = "<group>"; };
		56C6751F1A0775AF004D5586 /* @Selector_Nil.h */ = {isa = PBXFileReference; fileEncoding = 4; lastKnownFileType = sourcecode.c.h; path = "@Selector_Nil.h"; sourceTree = "<group>"; };
		56C675201A0775AF004D5586 /* @Selector_Nil.m */ = {isa = PBXFileReference; fileEncoding = 4; lastKnownFileType = sourcecode.c.objc; path = "@Selector_Nil.m"; sourceTree = "<group>"; };
		56C675251A077CE7004D5586 /* ForwardingClassOne.h */ = {isa = PBXFileReference; fileEncoding = 4; lastKnownFileType = sourcecode.c.h; path = ForwardingClassOne.h; sourceTree = "<group>"; };
		56C675261A077CE7004D5586 /* ForwardingClassOne.m */ = {isa = PBXFileReference; fileEncoding = 4; lastKnownFileType = sourcecode.c.objc; path = ForwardingClassOne.m; sourceTree = "<group>"; };
		56C675281A077CF5004D5586 /* ForwardingClassTwo.h */ = {isa = PBXFileReference; fileEncoding = 4; lastKnownFileType = sourcecode.c.h; path = ForwardingClassTwo.h; sourceTree = "<group>"; };
		56C675291A077CF5004D5586 /* ForwardingClassTwo.m */ = {isa = PBXFileReference; fileEncoding = 4; lastKnownFileType = sourcecode.c.objc; path = ForwardingClassTwo.m; sourceTree = "<group>"; };
		56C6752B1A08857E004D5586 /* DefineClassWithoutBaseClass.h */ = {isa = PBXFileReference; fileEncoding = 4; lastKnownFileType = sourcecode.c.h; path = DefineClassWithoutBaseClass.h; sourceTree = "<group>"; };
		56C6752C1A08857E004D5586 /* DefineClassWithoutBaseClass.m */ = {isa = PBXFileReference; fileEncoding = 4; lastKnownFileType = sourcecode.c.objc; path = DefineClassWithoutBaseClass.m; sourceTree = "<group>"; };
		56DFA5651A41BFF20037C2D2 /* Insideinitialize.h */ = {isa = PBXFileReference; fileEncoding = 4; lastKnownFileType = sourcecode.c.h; path = Insideinitialize.h; sourceTree = "<group>"; };
		56DFA5661A41BFF20037C2D2 /* Insideinitialize.m */ = {isa = PBXFileReference; fileEncoding = 4; lastKnownFileType = sourcecode.c.objc; path = Insideinitialize.m; sourceTree = "<group>"; };
		56DFA5681A41C3100037C2D2 /* MainClass.h */ = {isa = PBXFileReference; fileEncoding = 4; lastKnownFileType = sourcecode.c.h; path = MainClass.h; sourceTree = "<group>"; };
		56DFA5691A41C3100037C2D2 /* MainClass.m */ = {isa = PBXFileReference; fileEncoding = 4; lastKnownFileType = sourcecode.c.objc; path = MainClass.m; sourceTree = "<group>"; };
		56DFA56B1A41C80D0037C2D2 /* ORM.h */ = {isa = PBXFileReference; fileEncoding = 4; lastKnownFileType = sourcecode.c.h; path = ORM.h; sourceTree = "<group>"; };
		56DFA56C1A41C80D0037C2D2 /* ORM.m */ = {isa = PBXFileReference; fileEncoding = 4; lastKnownFileType = sourcecode.c.objc; path = ORM.m; sourceTree = "<group>"; };
		56DFA56E1A41C8EC0037C2D2 /* UserContact.h */ = {isa = PBXFileReference; fileEncoding = 4; lastKnownFileType = sourcecode.c.h; path = UserContact.h; sourceTree = "<group>"; };
		56DFA56F1A41C8EC0037C2D2 /* UserContact.m */ = {isa = PBXFileReference; fileEncoding = 4; lastKnownFileType = sourcecode.c.objc; path = UserContact.m; sourceTree = "<group>"; };
/* End PBXFileReference section */

/* Begin PBXFrameworksBuildPhase section */
		56C674E41A071DBF004D5586 /* Frameworks */ = {
			isa = PBXFrameworksBuildPhase;
			buildActionMask = 2147483647;
			files = (
			);
			runOnlyForDeploymentPostprocessing = 0;
		};
		56C674FD1A071DBF004D5586 /* Frameworks */ = {
			isa = PBXFrameworksBuildPhase;
			buildActionMask = 2147483647;
			files = (
			);
			runOnlyForDeploymentPostprocessing = 0;
		};
/* End PBXFrameworksBuildPhase section */

/* Begin PBXGroup section */
		56C674DE1A071DBF004D5586 = {
			isa = PBXGroup;
			children = (
				56C674E91A071DBF004D5586 /* Runtime */,
				56C675031A071DBF004D5586 /* RuntimeTests */,
				56C674E81A071DBF004D5586 /* Products */,
			);
			sourceTree = "<group>";
		};
		56C674E81A071DBF004D5586 /* Products */ = {
			isa = PBXGroup;
			children = (
				56C674E71A071DBF004D5586 /* Runtime.app */,
				56C675001A071DBF004D5586 /* RuntimeTests.xctest */,
			);
			name = Products;
			sourceTree = "<group>";
		};
		56C674E91A071DBF004D5586 /* Runtime */ = {
			isa = PBXGroup;
			children = (
				56C674EC1A071DBF004D5586 /* main.m */,
				56C674F71A071DBF004D5586 /* Images.xcassets */,
				56C674F91A071DBF004D5586 /* LaunchScreen.xib */,
				56C674EA1A071DBF004D5586 /* Supporting Files */,
				56C675101A071DE3004D5586 /* RuntimeClass.h */,
				56C675111A071DE3004D5586 /* RuntimeClass.m */,
				56C675191A076D34004D5586 /* NSArray+Swizzle.h */,
				56C6751A1A076D34004D5586 /* NSArray+Swizzle.m */,
				56C6751F1A0775AF004D5586 /* @Selector_Nil.h */,
				56C675201A0775AF004D5586 /* @Selector_Nil.m */,
				56C675251A077CE7004D5586 /* ForwardingClassOne.h */,
				56C675261A077CE7004D5586 /* ForwardingClassOne.m */,
				56C675281A077CF5004D5586 /* ForwardingClassTwo.h */,
				56C675291A077CF5004D5586 /* ForwardingClassTwo.m */,
				56C6752B1A08857E004D5586 /* DefineClassWithoutBaseClass.h */,
				56C6752C1A08857E004D5586 /* DefineClassWithoutBaseClass.m */,
				56DFA5651A41BFF20037C2D2 /* Insideinitialize.h */,
				56DFA5661A41BFF20037C2D2 /* Insideinitialize.m */,
				56DFA5681A41C3100037C2D2 /* MainClass.h */,
				56DFA5691A41C3100037C2D2 /* MainClass.m */,
				56DFA56B1A41C80D0037C2D2 /* ORM.h */,
				56DFA56C1A41C80D0037C2D2 /* ORM.m */,
				56DFA56E1A41C8EC0037C2D2 /* UserContact.h */,
				56DFA56F1A41C8EC0037C2D2 /* UserContact.m */,
				569EDFB11A4A57D900D36FCA /* metamacros.h */,
				569EDFA81A4A576F00D36FCA /* MetaObject.h */,
				569EDFA91A4A576F00D36FCA /* MetaObject.m */,
				569EDFAA1A4A576F00D36FCA /* MyProxy.h */,
				569EDFAB1A4A576F00D36FCA /* MyProxy.m */,
				569EDFAC1A4A576F00D36FCA /* RealSubject.h */,
				569EDFAD1A4A576F00D36FCA /* RealSubject.m */,
			);
			path = Runtime;
			sourceTree = "<group>";
		};
		56C674EA1A071DBF004D5586 /* Supporting Files */ = {
			isa = PBXGroup;
			children = (
				56C674EB1A071DBF004D5586 /* Info.plist */,
			);
			name = "Supporting Files";
			sourceTree = "<group>";
		};
		56C675031A071DBF004D5586 /* RuntimeTests */ = {
			isa = PBXGroup;
			children = (
				56C675061A071DBF004D5586 /* RuntimeTests.m */,
				56C675041A071DBF004D5586 /* Supporting Files */,
			);
			path = RuntimeTests;
			sourceTree = "<group>";
		};
		56C675041A071DBF004D5586 /* Supporting Files */ = {
			isa = PBXGroup;
			children = (
				56C675051A071DBF004D5586 /* Info.plist */,
			);
			name = "Supporting Files";
			sourceTree = "<group>";
		};
/* End PBXGroup section */

/* Begin PBXNativeTarget section */
		56C674E61A071DBF004D5586 /* Runtime */ = {
			isa = PBXNativeTarget;
			buildConfigurationList = 56C6750A1A071DBF004D5586 /* Build configuration list for PBXNativeTarget "Runtime" */;
			buildPhases = (
				56C674E31A071DBF004D5586 /* Sources */,
				56C674E41A071DBF004D5586 /* Frameworks */,
				56C674E51A071DBF004D5586 /* Resources */,
			);
			buildRules = (
			);
			dependencies = (
			);
			name = Runtime;
			productName = Runtime;
			productReference = 56C674E71A071DBF004D5586 /* Runtime.app */;
			productType = "com.apple.product-type.application";
		};
		56C674FF1A071DBF004D5586 /* RuntimeTests */ = {
			isa = PBXNativeTarget;
			buildConfigurationList = 56C6750D1A071DBF004D5586 /* Build configuration list for PBXNativeTarget "RuntimeTests" */;
			buildPhases = (
				56C674FC1A071DBF004D5586 /* Sources */,
				56C674FD1A071DBF004D5586 /* Frameworks */,
				56C674FE1A071DBF004D5586 /* Resources */,
			);
			buildRules = (
			);
			dependencies = (
				56C675021A071DBF004D5586 /* PBXTargetDependency */,
			);
			name = RuntimeTests;
			productName = RuntimeTests;
			productReference = 56C675001A071DBF004D5586 /* RuntimeTests.xctest */;
			productType = "com.apple.product-type.bundle.unit-test";
		};
/* End PBXNativeTarget section */

/* Begin PBXProject section */
		56C674DF1A071DBF004D5586 /* Project object */ = {
			isa = PBXProject;
			attributes = {
				LastUpgradeCheck = 0610;
				ORGANIZATIONNAME = guafei;
				TargetAttributes = {
					56C674E61A071DBF004D5586 = {
						CreatedOnToolsVersion = 6.1;
					};
					56C674FF1A071DBF004D5586 = {
						CreatedOnToolsVersion = 6.1;
						TestTargetID = 56C674E61A071DBF004D5586;
					};
				};
			};
			buildConfigurationList = 56C674E21A071DBF004D5586 /* Build configuration list for PBXProject "Runtime" */;
			compatibilityVersion = "Xcode 3.2";
			developmentRegion = English;
			hasScannedForEncodings = 0;
			knownRegions = (
				en,
				Base,
			);
			mainGroup = 56C674DE1A071DBF004D5586;
			productRefGroup = 56C674E81A071DBF004D5586 /* Products */;
			projectDirPath = "";
			projectRoot = "";
			targets = (
				56C674E61A071DBF004D5586 /* Runtime */,
				56C674FF1A071DBF004D5586 /* RuntimeTests */,
			);
		};
/* End PBXProject section */

/* Begin PBXResourcesBuildPhase section */
		56C674E51A071DBF004D5586 /* Resources */ = {
			isa = PBXResourcesBuildPhase;
			buildActionMask = 2147483647;
			files = (
				56C674FB1A071DBF004D5586 /* LaunchScreen.xib in Resources */,
				56C674F81A071DBF004D5586 /* Images.xcassets in Resources */,
			);
			runOnlyForDeploymentPostprocessing = 0;
		};
		56C674FE1A071DBF004D5586 /* Resources */ = {
			isa = PBXResourcesBuildPhase;
			buildActionMask = 2147483647;
			files = (
			);
			runOnlyForDeploymentPostprocessing = 0;
		};
/* End PBXResourcesBuildPhase section */

/* Begin PBXSourcesBuildPhase section */
		56C674E31A071DBF004D5586 /* Sources */ = {
			isa = PBXSourcesBuildPhase;
			buildActionMask = 2147483647;
			files = (
				56C6751B1A076D34004D5586 /* NSArray+Swizzle.m in Sources */,
				56C675211A0775AF004D5586 /* @Selector_Nil.m in Sources */,
				56DFA56D1A41C80D0037C2D2 /* ORM.m in Sources */,
				56DFA56A1A41C3100037C2D2 /* MainClass.m in Sources */,
				56C6752D1A08857E004D5586 /* DefineClassWithoutBaseClass.m in Sources */,
				56DFA5671A41BFF20037C2D2 /* Insideinitialize.m in Sources */,
				56C6752A1A077CF5004D5586 /* ForwardingClassTwo.m in Sources */,
				56C675271A077CE7004D5586 /* ForwardingClassOne.m in Sources */,
				569EDFB01A4A576F00D36FCA /* RealSubject.m in Sources */,
				569EDFAF1A4A576F00D36FCA /* MyProxy.m in Sources */,
				56DFA5701A41C8EC0037C2D2 /* UserContact.m in Sources */,
				569EDFAE1A4A576F00D36FCA /* MetaObject.m in Sources */,
				56C674ED1A071DBF004D5586 /* main.m in Sources */,
				56C675121A071DE3004D5586 /* RuntimeClass.m in Sources */,
			);
			runOnlyForDeploymentPostprocessing = 0;
		};
		56C674FC1A071DBF004D5586 /* Sources */ = {
			isa = PBXSourcesBuildPhase;
			buildActionMask = 2147483647;
			files = (
				56C675071A071DBF004D5586 /* RuntimeTests.m in Sources */,
			);
			runOnlyForDeploymentPostprocessing = 0;
		};
/* End PBXSourcesBuildPhase section */

/* Begin PBXTargetDependency section */
		56C675021A071DBF004D5586 /* PBXTargetDependency */ = {
			isa = PBXTargetDependency;
			target = 56C674E61A071DBF004D5586 /* Runtime */;
			targetProxy = 56C675011A071DBF004D5586 /* PBXContainerItemProxy */;
		};
/* End PBXTargetDependency section */

/* Begin PBXVariantGroup section */
		56C674F91A071DBF004D5586 /* LaunchScreen.xib */ = {
			isa = PBXVariantGroup;
			children = (
				56C674FA1A071DBF004D5586 /* Base */,
			);
			name = LaunchScreen.xib;
			sourceTree = "<group>";
		};
/* End PBXVariantGroup section */

/* Begin XCBuildConfiguration section */
		56C675081A071DBF004D5586 /* Debug */ = {
			isa = XCBuildConfiguration;
			buildSettings = {
				ALWAYS_SEARCH_USER_PATHS = NO;
				CLANG_CXX_LANGUAGE_STANDARD = "gnu++0x";
				CLANG_CXX_LIBRARY = "libc++";
				CLANG_ENABLE_MODULES = YES;
				CLANG_ENABLE_OBJC_ARC = YES;
				CLANG_WARN_BOOL_CONVERSION = YES;
				CLANG_WARN_CONSTANT_CONVERSION = YES;
				CLANG_WARN_DIRECT_OBJC_ISA_USAGE = YES_ERROR;
				CLANG_WARN_EMPTY_BODY = YES;
				CLANG_WARN_ENUM_CONVERSION = YES;
				CLANG_WARN_INT_CONVERSION = YES;
				CLANG_WARN_OBJC_ROOT_CLASS = YES_ERROR;
				CLANG_WARN_UNREACHABLE_CODE = YES;
				CLANG_WARN__DUPLICATE_METHOD_MATCH = YES;
				"CODE_SIGN_IDENTITY[sdk=iphoneos*]" = "iPhone Developer";
				COPY_PHASE_STRIP = NO;
				ENABLE_STRICT_OBJC_MSGSEND = YES;
				GCC_C_LANGUAGE_STANDARD = gnu99;
				GCC_DYNAMIC_NO_PIC = NO;
				GCC_OPTIMIZATION_LEVEL = 0;
				GCC_PREPROCESSOR_DEFINITIONS = (
					"DEBUG=1",
					"$(inherited)",
				);
				GCC_SYMBOLS_PRIVATE_EXTERN = NO;
				GCC_WARN_64_TO_32_BIT_CONVERSION = YES;
				GCC_WARN_ABOUT_RETURN_TYPE = YES_ERROR;
				GCC_WARN_UNDECLARED_SELECTOR = YES;
				GCC_WARN_UNINITIALIZED_AUTOS = YES_AGGRESSIVE;
				GCC_WARN_UNUSED_FUNCTION = YES;
				GCC_WARN_UNUSED_VARIABLE = YES;
				IPHONEOS_DEPLOYMENT_TARGET = 8.1;
				MTL_ENABLE_DEBUG_INFO = YES;
				ONLY_ACTIVE_ARCH = YES;
				SDKROOT = iphoneos;
			};
			name = Debug;
		};
		56C675091A071DBF004D5586 /* Release */ = {
			isa = XCBuildConfiguration;
			buildSettings = {
				ALWAYS_SEARCH_USER_PATHS = NO;
				CLANG_CXX_LANGUAGE_STANDARD = "gnu++0x";
				CLANG_CXX_LIBRARY = "libc++";
				CLANG_ENABLE_MODULES = YES;
				CLANG_ENABLE_OBJC_ARC = YES;
				CLANG_WARN_BOOL_CONVERSION = YES;
				CLANG_WARN_CONSTANT_CONVERSION = YES;
				CLANG_WARN_DIRECT_OBJC_ISA_USAGE = YES_ERROR;
				CLANG_WARN_EMPTY_BODY = YES;
				CLANG_WARN_ENUM_CONVERSION = YES;
				CLANG_WARN_INT_CONVERSION = YES;
				CLANG_WARN_OBJC_ROOT_CLASS = YES_ERROR;
				CLANG_WARN_UNREACHABLE_CODE = YES;
				CLANG_WARN__DUPLICATE_METHOD_MATCH = YES;
				"CODE_SIGN_IDENTITY[sdk=iphoneos*]" = "iPhone Developer";
				COPY_PHASE_STRIP = YES;
				ENABLE_NS_ASSERTIONS = NO;
				ENABLE_STRICT_OBJC_MSGSEND = YES;
				GCC_C_LANGUAGE_STANDARD = gnu99;
				GCC_WARN_64_TO_32_BIT_CONVERSION = YES;
				GCC_WARN_ABOUT_RETURN_TYPE = YES_ERROR;
				GCC_WARN_UNDECLARED_SELECTOR = YES;
				GCC_WARN_UNINITIALIZED_AUTOS = YES_AGGRESSIVE;
				GCC_WARN_UNUSED_FUNCTION = YES;
				GCC_WARN_UNUSED_VARIABLE = YES;
				IPHONEOS_DEPLOYMENT_TARGET = 8.1;
				MTL_ENABLE_DEBUG_INFO = NO;
				SDKROOT = iphoneos;
				VALIDATE_PRODUCT = YES;
			};
			name = Release;
		};
		56C6750B1A071DBF004D5586 /* Debug */ = {
			isa = XCBuildConfiguration;
			buildSettings = {
				ASSETCATALOG_COMPILER_APPICON_NAME = AppIcon;
				INFOPLIST_FILE = Runtime/Info.plist;
				LD_RUNPATH_SEARCH_PATHS = "$(inherited) @executable_path/Frameworks";
				PRODUCT_NAME = "$(TARGET_NAME)";
			};
			name = Debug;
		};
		56C6750C1A071DBF004D5586 /* Release */ = {
			isa = XCBuildConfiguration;
			buildSettings = {
				ASSETCATALOG_COMPILER_APPICON_NAME = AppIcon;
				INFOPLIST_FILE = Runtime/Info.plist;
				LD_RUNPATH_SEARCH_PATHS = "$(inherited) @executable_path/Frameworks";
				PRODUCT_NAME = "$(TARGET_NAME)";
			};
			name = Release;
		};
		56C6750E1A071DBF004D5586 /* Debug */ = {
			isa = XCBuildConfiguration;
			buildSettings = {
				BUNDLE_LOADER = "$(TEST_HOST)";
				FRAMEWORK_SEARCH_PATHS = (
					"$(SDKROOT)/Developer/Library/Frameworks",
					"$(inherited)",
				);
				GCC_PREPROCESSOR_DEFINITIONS = (
					"DEBUG=1",
					"$(inherited)",
				);
				INFOPLIST_FILE = RuntimeTests/Info.plist;
				LD_RUNPATH_SEARCH_PATHS = "$(inherited) @executable_path/Frameworks @loader_path/Frameworks";
				PRODUCT_NAME = "$(TARGET_NAME)";
				TEST_HOST = "$(BUILT_PRODUCTS_DIR)/Runtime.app/Runtime";
			};
			name = Debug;
		};
		56C6750F1A071DBF004D5586 /* Release */ = {
			isa = XCBuildConfiguration;
			buildSettings = {
				BUNDLE_LOADER = "$(TEST_HOST)";
				FRAMEWORK_SEARCH_PATHS = (
					"$(SDKROOT)/Developer/Library/Frameworks",
					"$(inherited)",
				);
				INFOPLIST_FILE = RuntimeTests/Info.plist;
				LD_RUNPATH_SEARCH_PATHS = "$(inherited) @executable_path/Frameworks @loader_path/Frameworks";
				PRODUCT_NAME = "$(TARGET_NAME)";
				TEST_HOST = "$(BUILT_PRODUCTS_DIR)/Runtime.app/Runtime";
			};
			name = Release;
		};
/* End XCBuildConfiguration section */

/* Begin XCConfigurationList section */
		56C674E21A071DBF004D5586 /* Build configuration list for PBXProject "Runtime" */ = {
			isa = XCConfigurationList;
			buildConfigurations = (
				56C675081A071DBF004D5586 /* Debug */,
				56C675091A071DBF004D5586 /* Release */,
			);
			defaultConfigurationIsVisible = 0;
			defaultConfigurationName = Release;
		};
		56C6750A1A071DBF004D5586 /* Build configuration list for PBXNativeTarget "Runtime" */ = {
			isa = XCConfigurationList;
			buildConfigurations = (
				56C6750B1A071DBF004D5586 /* Debug */,
				56C6750C1A071DBF004D5586 /* Release */,
			);
			defaultConfigurationIsVisible = 0;
			defaultConfigurationName = Release;
		};
		56C6750D1A071DBF004D5586 /* Build configuration list for PBXNativeTarget "RuntimeTests" */ = {
			isa = XCConfigurationList;
			buildConfigurations = (
				56C6750E1A071DBF004D5586 /* Debug */,
				56C6750F1A071DBF004D5586 /* Release */,
			);
			defaultConfigurationIsVisible = 0;
			defaultConfigurationName = Release;
		};
/* End XCConfigurationList section */
	};
	rootObject = 56C674DF1A071DBF004D5586 /* Project object */;
}
